
Microsoft Visual Studio Solution File, Format Version 12.00
# Visual Studio 2013
VisualStudioVersion = 12.0.31101.0
MinimumVisualStudioVersion = 10.0.40219.1
Project("{2150E333-8FDC-42A3-9474-1A3956D46DE8}") = "Engine", "Engine", "{5467F7DD-F57A-4C94-958B-0A34623E59F1}"
EndProject
Project("{2150E333-8FDC-42A3-9474-1A3956D46DE8}") = "Games", "Games", "{E21DC804-303E-486B-9158-FDC5CFD5C226}"
EndProject
Project("{8BC9CEB8-8B4A-11D0-8D11-00A0C91BC942}") = "UE4", "Intermediate\ProjectFiles\UE4.vcxproj", "{E701C73B-3902-4A63-A8FE-BE8733C2EEC6}"
EndProject
Project("{8BC9CEB8-8B4A-11D0-8D11-00A0C91BC942}") = "TimeJump", "Intermediate\ProjectFiles\TimeJump.vcxproj", "{29269795-ED99-481B-A95F-14DAB0A9F66B}"
EndProject
Global
	GlobalSection(SolutionConfigurationPlatforms) = preSolution
		DebugGame Editor|Win32 = DebugGame Editor|Win32
		DebugGame Editor|Win64 = DebugGame Editor|Win64
		DebugGame|Win32 = DebugGame|Win32
		DebugGame|Win64 = DebugGame|Win64
		Development Editor|Win32 = Development Editor|Win32
		Development Editor|Win64 = Development Editor|Win64
		Development|Win32 = Development|Win32
		Development|Win64 = Development|Win64
		Shipping|Win32 = Shipping|Win32
		Shipping|Win64 = Shipping|Win64
	EndGlobalSection
	GlobalSection(ProjectConfigurationPlatforms) = postSolution
		{E701C73B-3902-4A63-A8FE-BE8733C2EEC6}.DebugGame Editor|Win32.ActiveCfg = BuiltWithUnrealBuildTool|Win32
		{E701C73B-3902-4A63-A8FE-BE8733C2EEC6}.DebugGame Editor|Win32.Build.0 = BuiltWithUnrealBuildTool|Win32
		{E701C73B-3902-4A63-A8FE-BE8733C2EEC6}.DebugGame Editor|Win64.ActiveCfg = BuiltWithUnrealBuildTool|Win32
		{E701C73B-3902-4A63-A8FE-BE8733C2EEC6}.DebugGame|Win32.ActiveCfg = BuiltWithUnrealBuildTool|Win32
		{E701C73B-3902-4A63-A8FE-BE8733C2EEC6}.DebugGame|Win32.Build.0 = BuiltWithUnrealBuildTool|Win32
		{E701C73B-3902-4A63-A8FE-BE8733C2EEC6}.DebugGame|Win64.ActiveCfg = BuiltWithUnrealBuildTool|Win32
		{E701C73B-3902-4A63-A8FE-BE8733C2EEC6}.Development Editor|Win32.ActiveCfg = BuiltWithUnrealBuildTool|Win32
		{E701C73B-3902-4A63-A8FE-BE8733C2EEC6}.Development Editor|Win32.Build.0 = BuiltWithUnrealBuildTool|Win32
		{E701C73B-3902-4A63-A8FE-BE8733C2EEC6}.Development Editor|Win64.ActiveCfg = BuiltWithUnrealBuildTool|Win32
		{E701C73B-3902-4A63-A8FE-BE8733C2EEC6}.Development|Win32.ActiveCfg = BuiltWithUnrealBuildTool|Win32
		{E701C73B-3902-4A63-A8FE-BE8733C2EEC6}.Development|Win32.Build.0 = BuiltWithUnrealBuildTool|Win32
		{E701C73B-3902-4A63-A8FE-BE8733C2EEC6}.Development|Win64.ActiveCfg = BuiltWithUnrealBuildTool|Win32
		{E701C73B-3902-4A63-A8FE-BE8733C2EEC6}.Shipping|Win32.ActiveCfg = BuiltWithUnrealBuildTool|Win32
		{E701C73B-3902-4A63-A8FE-BE8733C2EEC6}.Shipping|Win32.Build.0 = BuiltWithUnrealBuildTool|Win32
		{E701C73B-3902-4A63-A8FE-BE8733C2EEC6}.Shipping|Win64.ActiveCfg = BuiltWithUnrealBuildTool|Win32
		{29269795-ED99-481B-A95F-14DAB0A9F66B}.DebugGame Editor|Win32.ActiveCfg = DebugGame_Editor|Win32
		{29269795-ED99-481B-A95F-14DAB0A9F66B}.DebugGame Editor|Win32.Build.0 = DebugGame_Editor|Win32
		{29269795-ED99-481B-A95F-14DAB0A9F66B}.DebugGame Editor|Win64.ActiveCfg = DebugGame_Editor|x64
		{29269795-ED99-481B-A95F-14DAB0A9F66B}.DebugGame Editor|Win64.Build.0 = DebugGame_Editor|x64
		{29269795-ED99-481B-A95F-14DAB0A9F66B}.DebugGame|Win32.ActiveCfg = DebugGame_Game|Win32
		{29269795-ED99-481B-A95F-14DAB0A9F66B}.DebugGame|Win32.Build.0 = DebugGame_Game|Win32
		{29269795-ED99-481B-A95F-14DAB0A9F66B}.DebugGame|Win64.ActiveCfg = DebugGame_Game|x64
		{29269795-ED99-481B-A95F-14DAB0A9F66B}.DebugGame|Win64.Build.0 = DebugGame_Game|x64
		{29269795-ED99-481B-A95F-14DAB0A9F66B}.Development Editor|Win32.ActiveCfg = Development_Editor|Win32
		{29269795-ED99-481B-A95F-14DAB0A9F66B}.Development Editor|Win32.Build.0 = Development_Editor|Win32
		{29269795-ED99-481B-A95F-14DAB0A9F66B}.Development Editor|Win64.ActiveCfg = Development_Editor|x64
		{29269795-ED99-481B-A95F-14DAB0A9F66B}.Development Editor|Win64.Build.0 = Development_Editor|x64
		{29269795-ED99-481B-A95F-14DAB0A9F66B}.Development|Win32.ActiveCfg = Development_Game|Win32
		{29269795-ED99-481B-A95F-14DAB0A9F66B}.Development|Win32.Build.0 = Development_Game|Win32
		{29269795-ED99-481B-A95F-14DAB0A9F66B}.Development|Win64.ActiveCfg = Development_Game|x64
		{29269795-ED99-481B-A95F-14DAB0A9F66B}.Development|Win64.Build.0 = Development_Game|x64
		{29269795-ED99-481B-A95F-14DAB0A9F66B}.Shipping|Win32.ActiveCfg = Shipping_Game|Win32
		{29269795-ED99-481B-A95F-14DAB0A9F66B}.Shipping|Win32.Build.0 = Shipping_Game|Win32
		{29269795-ED99-481B-A95F-14DAB0A9F66B}.Shipping|Win64.ActiveCfg = Shipping_Game|x64
		{29269795-ED99-481B-A95F-14DAB0A9F66B}.Shipping|Win64.Build.0 = Shipping_Game|x64
	EndGlobalSection
	GlobalSection(SolutionProperties) = preSolution
		HideSolutionNode = FALSE
	EndGlobalSection
	GlobalSection(NestedProjects) = preSolution
		{E701C73B-3902-4A63-A8FE-BE8733C2EEC6} = {5467F7DD-F57A-4C94-958B-0A34623E59F1}
		{29269795-ED99-481B-A95F-14DAB0A9F66B} = {E21DC804-303E-486B-9158-FDC5CFD5C226}
	EndGlobalSection
EndGlobal
